
Microsoft Visual Studio Solution File, Format Version 12.00
# Visual Studio Version 17
VisualStudioVersion = 17.2.32526.322
MinimumVisualStudioVersion = 10.0.40219.1
Project("{FAE04EC0-301F-11D3-BF4B-00C04F79EFBC}") = "SalesWebMVC", "SalesWebMVC\SalesWebMVC.csproj", "{ECC04E5D-C719-42AE-BC10-0819FEEA06A0}"
EndProject
Global
	GlobalSection(SolutionConfigurationPlatforms) = preSolution
		Debug|Any CPU = Debug|Any CPU
		Release|Any CPU = Release|Any CPU
	EndGlobalSection
	GlobalSection(ProjectConfigurationPlatforms) = postSolution
		{ECC04E5D-C719-42AE-BC10-0819FEEA06A0}.Debug|Any CPU.ActiveCfg = Debug|Any CPU
		{ECC04E5D-C719-42AE-BC10-0819FEEA06A0}.Debug|Any CPU.Build.0 = Debug|Any CPU
		{ECC04E5D-C719-42AE-BC10-0819FEEA06A0}.Release|Any CPU.ActiveCfg = Release|Any CPU
		{ECC04E5D-C719-42AE-BC10-0819FEEA06A0}.Release|Any CPU.Build.0 = Release|Any CPU
	EndGlobalSection
	GlobalSection(SolutionProperties) = preSolution
		HideSolutionNode = FALSE
	EndGlobalSection
	GlobalSection(ExtensibilityGlobals) = postSolution
		SolutionGuid = {7F94FD7A-C5FE-4180-886D-FEAF3B05F8AF}
	EndGlobalSection
EndGlobal
